
Microsoft Visual Studio Solution File, Format Version 12.00
# Visual Studio 2013
VisualStudioVersion = 12.0.31101.0
MinimumVisualStudioVersion = 10.0.40219.1
Project("{FAE04EC0-301F-11D3-BF4B-00C04F79EFBC}") = "Euler_4", "Euler_4\Euler_4.csproj", "{AD382206-4B15-460F-908D-E4F32815260E}"
EndProject
Global
	GlobalSection(SolutionConfigurationPlatforms) = preSolution
		Debug|Any CPU = Debug|Any CPU
		Release|Any CPU = Release|Any CPU
	EndGlobalSection
	GlobalSection(ProjectConfigurationPlatforms) = postSolution
		{AD382206-4B15-460F-908D-E4F32815260E}.Debug|Any CPU.ActiveCfg = Debug|Any CPU
		{AD382206-4B15-460F-908D-E4F32815260E}.Debug|Any CPU.Build.0 = Debug|Any CPU
		{AD382206-4B15-460F-908D-E4F32815260E}.Release|Any CPU.ActiveCfg = Release|Any CPU
		{AD382206-4B15-460F-908D-E4F32815260E}.Release|Any CPU.Build.0 = Release|Any CPU
	EndGlobalSection
	GlobalSection(SolutionProperties) = preSolution
		HideSolutionNode = FALSE
	EndGlobalSection
EndGlobal
